
Microsoft Visual Studio Solution File, Format Version 12.00
# Visual Studio Version 16
VisualStudioVersion = 16.0.30002.166
MinimumVisualStudioVersion = 10.0.40219.1
Project("{FAE04EC0-301F-11D3-BF4B-00C04F79EFBC}") = "Engine", "Engine\Engine.csproj", "{07CF441C-753C-4855-9E33-17A7A76A8335}"
EndProject
Global
	GlobalSection(SolutionConfigurationPlatforms) = preSolution
		Debug|Any CPU = Debug|Any CPU
		Release|Any CPU = Release|Any CPU
	EndGlobalSection
	GlobalSection(ProjectConfigurationPlatforms) = postSolution
		{07CF441C-753C-4855-9E33-17A7A76A8335}.Debug|Any CPU.ActiveCfg = Debug|Any CPU
		{07CF441C-753C-4855-9E33-17A7A76A8335}.Debug|Any CPU.Build.0 = Debug|Any CPU
		{07CF441C-753C-4855-9E33-17A7A76A8335}.Release|Any CPU.ActiveCfg = Release|Any CPU
		{07CF441C-753C-4855-9E33-17A7A76A8335}.Release|Any CPU.Build.0 = Release|Any CPU
	EndGlobalSection
	GlobalSection(SolutionProperties) = preSolution
		HideSolutionNode = FALSE
	EndGlobalSection
	GlobalSection(ExtensibilityGlobals) = postSolution
		SolutionGuid = {BE9B09AB-05EF-471C-9672-4415B23B2007}
	EndGlobalSection
EndGlobal
